
Microsoft Visual Studio Solution File, Format Version 12.00
# Visual Studio 15
VisualStudioVersion = 15.0.28307.1525
MinimumVisualStudioVersion = 10.0.40219.1
Project("{8BC9CEB8-8B4A-11D0-8D11-00A0C91BC942}") = "Nowcoder_sjjg", "Nowcoder_sjjg\Nowcoder_sjjg.vcxproj", "{F885A29F-DD85-45CA-92F7-E0C20285DA27}"
EndProject
Global
	GlobalSection(SolutionConfigurationPlatforms) = preSolution
		Debug|x64 = Debug|x64
		Debug|x86 = Debug|x86
		Release|x64 = Release|x64
		Release|x86 = Release|x86
	EndGlobalSection
	GlobalSection(ProjectConfigurationPlatforms) = postSolution
		{F885A29F-DD85-45CA-92F7-E0C20285DA27}.Debug|x64.ActiveCfg = Debug|x64
		{F885A29F-DD85-45CA-92F7-E0C20285DA27}.Debug|x64.Build.0 = Debug|x64
		{F885A29F-DD85-45CA-92F7-E0C20285DA27}.Debug|x86.ActiveCfg = Debug|Win32
		{F885A29F-DD85-45CA-92F7-E0C20285DA27}.Debug|x86.Build.0 = Debug|Win32
		{F885A29F-DD85-45CA-92F7-E0C20285DA27}.Release|x64.ActiveCfg = Release|x64
		{F885A29F-DD85-45CA-92F7-E0C20285DA27}.Release|x64.Build.0 = Release|x64
		{F885A29F-DD85-45CA-92F7-E0C20285DA27}.Release|x86.ActiveCfg = Release|Win32
		{F885A29F-DD85-45CA-92F7-E0C20285DA27}.Release|x86.Build.0 = Release|Win32
	EndGlobalSection
	GlobalSection(SolutionProperties) = preSolution
		HideSolutionNode = FALSE
	EndGlobalSection
	GlobalSection(ExtensibilityGlobals) = postSolution
		SolutionGuid = {4DD7061A-0C1E-42F3-99A2-7AE94179D049}
	EndGlobalSection
EndGlobal
